
Microsoft Visual Studio Solution File, Format Version 12.00
# Visual Studio Version 17
VisualStudioVersion = 17.3.32901.215
MinimumVisualStudioVersion = 10.0.40219.1
Project("{9A19103F-16F7-4668-BE54-9A1E7A4F7556}") = "BlogNest", "BlogNest\BlogNest.csproj", "{3558EAA8-6B56-452C-8FBC-9D2E7D778BBA}"
EndProject
Project("{9A19103F-16F7-4668-BE54-9A1E7A4F7556}") = "Entities", "Entities\Entities.csproj", "{6E5F1908-0651-42BF-8D2F-CEB3D36DCCC2}"
EndProject
Project("{9A19103F-16F7-4668-BE54-9A1E7A4F7556}") = "Repositories", "Repositories\Repositories.csproj", "{756CD640-873A-45CD-9995-37B5D2EE4768}"
EndProject
Project("{9A19103F-16F7-4668-BE54-9A1E7A4F7556}") = "Services", "Services\Services.csproj", "{51771722-90ED-4C1C-A69B-9D7D981F6C31}"
EndProject
Project("{FAE04EC0-301F-11D3-BF4B-00C04F79EFBC}") = "Presentation", "Presentation\Presentation.csproj", "{B19547F3-A56D-4209-A01E-AE4F0A612143}"
EndProject
Global
	GlobalSection(SolutionConfigurationPlatforms) = preSolution
		Debug|Any CPU = Debug|Any CPU
		Release|Any CPU = Release|Any CPU
	EndGlobalSection
	GlobalSection(ProjectConfigurationPlatforms) = postSolution
		{3558EAA8-6B56-452C-8FBC-9D2E7D778BBA}.Debug|Any CPU.ActiveCfg = Debug|Any CPU
		{3558EAA8-6B56-452C-8FBC-9D2E7D778BBA}.Debug|Any CPU.Build.0 = Debug|Any CPU
		{3558EAA8-6B56-452C-8FBC-9D2E7D778BBA}.Release|Any CPU.ActiveCfg = Release|Any CPU
		{3558EAA8-6B56-452C-8FBC-9D2E7D778BBA}.Release|Any CPU.Build.0 = Release|Any CPU
		{6E5F1908-0651-42BF-8D2F-CEB3D36DCCC2}.Debug|Any CPU.ActiveCfg = Debug|Any CPU
		{6E5F1908-0651-42BF-8D2F-CEB3D36DCCC2}.Debug|Any CPU.Build.0 = Debug|Any CPU
		{6E5F1908-0651-42BF-8D2F-CEB3D36DCCC2}.Release|Any CPU.ActiveCfg = Release|Any CPU
		{6E5F1908-0651-42BF-8D2F-CEB3D36DCCC2}.Release|Any CPU.Build.0 = Release|Any CPU
		{756CD640-873A-45CD-9995-37B5D2EE4768}.Debug|Any CPU.ActiveCfg = Debug|Any CPU
		{756CD640-873A-45CD-9995-37B5D2EE4768}.Debug|Any CPU.Build.0 = Debug|Any CPU
		{756CD640-873A-45CD-9995-37B5D2EE4768}.Release|Any CPU.ActiveCfg = Release|Any CPU
		{756CD640-873A-45CD-9995-37B5D2EE4768}.Release|Any CPU.Build.0 = Release|Any CPU
		{51771722-90ED-4C1C-A69B-9D7D981F6C31}.Debug|Any CPU.ActiveCfg = Debug|Any CPU
		{51771722-90ED-4C1C-A69B-9D7D981F6C31}.Debug|Any CPU.Build.0 = Debug|Any CPU
		{51771722-90ED-4C1C-A69B-9D7D981F6C31}.Release|Any CPU.ActiveCfg = Release|Any CPU
		{51771722-90ED-4C1C-A69B-9D7D981F6C31}.Release|Any CPU.Build.0 = Release|Any CPU
		{B19547F3-A56D-4209-A01E-AE4F0A612143}.Debug|Any CPU.ActiveCfg = Debug|Any CPU
		{B19547F3-A56D-4209-A01E-AE4F0A612143}.Debug|Any CPU.Build.0 = Debug|Any CPU
		{B19547F3-A56D-4209-A01E-AE4F0A612143}.Release|Any CPU.ActiveCfg = Release|Any CPU
		{B19547F3-A56D-4209-A01E-AE4F0A612143}.Release|Any CPU.Build.0 = Release|Any CPU
	EndGlobalSection
	GlobalSection(SolutionProperties) = preSolution
		HideSolutionNode = FALSE
	EndGlobalSection
	GlobalSection(ExtensibilityGlobals) = postSolution
		SolutionGuid = {E5B7B4D7-EE9C-4A19-AD10-572DFE30CD74}
	EndGlobalSection
EndGlobal
